
Microsoft Visual Studio Solution File, Format Version 12.00
# Visual Studio Version 17
VisualStudioVersion = 17.5.002.0
MinimumVisualStudioVersion = 10.0.40219.1
Project("{9A19103F-16F7-4668-BE54-9A1E7A4F7556}") = "case_study_6_michiel_van_loy", "case_study_6_michiel_van_loy.csproj", "{FB2C3431-0D34-47ED-AFFD-B0A262DB8A68}"
EndProject
Global
	GlobalSection(SolutionConfigurationPlatforms) = preSolution
		Debug|Any CPU = Debug|Any CPU
		Release|Any CPU = Release|Any CPU
	EndGlobalSection
	GlobalSection(ProjectConfigurationPlatforms) = postSolution
		{FB2C3431-0D34-47ED-AFFD-B0A262DB8A68}.Debug|Any CPU.ActiveCfg = Debug|Any CPU
		{FB2C3431-0D34-47ED-AFFD-B0A262DB8A68}.Debug|Any CPU.Build.0 = Debug|Any CPU
		{FB2C3431-0D34-47ED-AFFD-B0A262DB8A68}.Release|Any CPU.ActiveCfg = Release|Any CPU
		{FB2C3431-0D34-47ED-AFFD-B0A262DB8A68}.Release|Any CPU.Build.0 = Release|Any CPU
	EndGlobalSection
	GlobalSection(SolutionProperties) = preSolution
		HideSolutionNode = FALSE
	EndGlobalSection
	GlobalSection(ExtensibilityGlobals) = postSolution
		SolutionGuid = {3478DC87-EAE6-4E53-B9CD-57F5B208770D}
	EndGlobalSection
EndGlobal
